
Microsoft Visual Studio Solution File, Format Version 12.00
# Visual Studio Version 17
VisualStudioVersion = 17.11.35327.3
MinimumVisualStudioVersion = 10.0.40219.1
Project("{9A19103F-16F7-4668-BE54-9A1E7A4F7556}") = "FStore.SalesWPFApp", "FStore.WPF\FStore.SalesWPFApp.csproj", "{83FE1778-B505-4A19-B593-7135D87AB8C2}"
EndProject
Project("{9A19103F-16F7-4668-BE54-9A1E7A4F7556}") = "FStore.BusinessObject", "FStore.BusinessObject\FStore.BusinessObject.csproj", "{2ABE9718-7459-4261-A919-BDE4BB08AB4C}"
EndProject
Project("{9A19103F-16F7-4668-BE54-9A1E7A4F7556}") = "FStore.DataAccess", "FStore.DataAccess\FStore.DataAccess.csproj", "{6D859D72-2F09-47ED-9355-9C3BECE8764B}"
EndProject
Project("{FAE04EC0-301F-11D3-BF4B-00C04F79EFBC}") = "FStore.SalesRazorApp", "FStore.SalesRazorApp\FStore.SalesRazorApp.csproj", "{F9F32835-2F0F-48B9-95F4-BA01F2E34BF8}"
EndProject
Global
	GlobalSection(SolutionConfigurationPlatforms) = preSolution
		Debug|Any CPU = Debug|Any CPU
		Release|Any CPU = Release|Any CPU
	EndGlobalSection
	GlobalSection(ProjectConfigurationPlatforms) = postSolution
		{83FE1778-B505-4A19-B593-7135D87AB8C2}.Debug|Any CPU.ActiveCfg = Debug|Any CPU
		{83FE1778-B505-4A19-B593-7135D87AB8C2}.Debug|Any CPU.Build.0 = Debug|Any CPU
		{83FE1778-B505-4A19-B593-7135D87AB8C2}.Release|Any CPU.ActiveCfg = Release|Any CPU
		{83FE1778-B505-4A19-B593-7135D87AB8C2}.Release|Any CPU.Build.0 = Release|Any CPU
		{2ABE9718-7459-4261-A919-BDE4BB08AB4C}.Debug|Any CPU.ActiveCfg = Debug|Any CPU
		{2ABE9718-7459-4261-A919-BDE4BB08AB4C}.Debug|Any CPU.Build.0 = Debug|Any CPU
		{2ABE9718-7459-4261-A919-BDE4BB08AB4C}.Release|Any CPU.ActiveCfg = Release|Any CPU
		{2ABE9718-7459-4261-A919-BDE4BB08AB4C}.Release|Any CPU.Build.0 = Release|Any CPU
		{6D859D72-2F09-47ED-9355-9C3BECE8764B}.Debug|Any CPU.ActiveCfg = Debug|Any CPU
		{6D859D72-2F09-47ED-9355-9C3BECE8764B}.Debug|Any CPU.Build.0 = Debug|Any CPU
		{6D859D72-2F09-47ED-9355-9C3BECE8764B}.Release|Any CPU.ActiveCfg = Release|Any CPU
		{6D859D72-2F09-47ED-9355-9C3BECE8764B}.Release|Any CPU.Build.0 = Release|Any CPU
		{F9F32835-2F0F-48B9-95F4-BA01F2E34BF8}.Debug|Any CPU.ActiveCfg = Debug|Any CPU
		{F9F32835-2F0F-48B9-95F4-BA01F2E34BF8}.Debug|Any CPU.Build.0 = Debug|Any CPU
		{F9F32835-2F0F-48B9-95F4-BA01F2E34BF8}.Release|Any CPU.ActiveCfg = Release|Any CPU
		{F9F32835-2F0F-48B9-95F4-BA01F2E34BF8}.Release|Any CPU.Build.0 = Release|Any CPU
	EndGlobalSection
	GlobalSection(SolutionProperties) = preSolution
		HideSolutionNode = FALSE
	EndGlobalSection
	GlobalSection(ExtensibilityGlobals) = postSolution
		SolutionGuid = {DC9D6B69-D6AD-4503-8721-C5128CFF667E}
	EndGlobalSection
EndGlobal
